
Microsoft Visual Studio Solution File, Format Version 12.00
# Visual Studio Version 17
VisualStudioVersion = 17.0.31903.59
MinimumVisualStudioVersion = 10.0.40219.1
Project("{2150E333-8FDC-42A3-9474-1A3956D46DE8}") = "src", "src", "{827E0CD3-B72D-47B6-A68D-7590B98EB39B}"
EndProject
Project("{FAE04EC0-301F-11D3-BF4B-00C04F79EFBC}") = "RunningCompetition.Shared", "src\RunningCompetition.Shared\RunningCompetition.Shared.csproj", "{6E668474-5B9B-4E9C-B7C1-BFC54B42DBEC}"
EndProject
Project("{FAE04EC0-301F-11D3-BF4B-00C04F79EFBC}") = "RunningCompetition.Contracts", "src\RunningCompetition.Contracts\RunningCompetition.Contracts.csproj", "{CC55B819-5C12-48DE-956B-01F77AD82143}"
EndProject
Project("{FAE04EC0-301F-11D3-BF4B-00C04F79EFBC}") = "RunningCompetition.Domain", "src\RunningCompetition.Domain\RunningCompetition.Domain.csproj", "{69DE3135-66BF-45E5-A6B1-16DD97AC78C5}"
EndProject
Project("{FAE04EC0-301F-11D3-BF4B-00C04F79EFBC}") = "RunningCompetition.Persistence", "src\RunningCompetition.Persistence\RunningCompetition.Persistence.csproj", "{CFF27645-D4B2-43E9-9E86-47703B744B87}"
EndProject
Project("{FAE04EC0-301F-11D3-BF4B-00C04F79EFBC}") = "RunningCompetition.Infrastructure", "src\RunningCompetition.Infrastructure\RunningCompetition.Infrastructure.csproj", "{BD683D3B-F880-4E33-B843-826036BD6B8E}"
EndProject
Project("{FAE04EC0-301F-11D3-BF4B-00C04F79EFBC}") = "RunningCompetition.Application", "src\RunningCompetition.Application\RunningCompetition.Application.csproj", "{E04763BB-B85D-49E6-A6E1-41F4BDED29A3}"
EndProject
Project("{FAE04EC0-301F-11D3-BF4B-00C04F79EFBC}") = "RunningCompetition.API", "src\RunningCompetition.API\RunningCompetition.API.csproj", "{D3276251-9B8D-4AC1-BA7A-A97168E3311D}"
EndProject
Project("{2150E333-8FDC-42A3-9474-1A3956D46DE8}") = "tests", "tests", "{0AB3BF05-4346-4AA6-1389-037BE0695223}"
EndProject
Project("{FAE04EC0-301F-11D3-BF4B-00C04F79EFBC}") = "RunningCompetition.Tests", "tests\RunningCompetition.Tests\RunningCompetition.Tests.csproj", "{787B9736-214E-48C8-B79A-367F33150DED}"
EndProject
Global
	GlobalSection(SolutionConfigurationPlatforms) = preSolution
		Debug|Any CPU = Debug|Any CPU
		Debug|x64 = Debug|x64
		Debug|x86 = Debug|x86
		Release|Any CPU = Release|Any CPU
		Release|x64 = Release|x64
		Release|x86 = Release|x86
	EndGlobalSection
	GlobalSection(ProjectConfigurationPlatforms) = postSolution
		{6E668474-5B9B-4E9C-B7C1-BFC54B42DBEC}.Debug|Any CPU.ActiveCfg = Debug|Any CPU
		{6E668474-5B9B-4E9C-B7C1-BFC54B42DBEC}.Debug|Any CPU.Build.0 = Debug|Any CPU
		{6E668474-5B9B-4E9C-B7C1-BFC54B42DBEC}.Debug|x64.ActiveCfg = Debug|Any CPU
		{6E668474-5B9B-4E9C-B7C1-BFC54B42DBEC}.Debug|x64.Build.0 = Debug|Any CPU
		{6E668474-5B9B-4E9C-B7C1-BFC54B42DBEC}.Debug|x86.ActiveCfg = Debug|Any CPU
		{6E668474-5B9B-4E9C-B7C1-BFC54B42DBEC}.Debug|x86.Build.0 = Debug|Any CPU
		{6E668474-5B9B-4E9C-B7C1-BFC54B42DBEC}.Release|Any CPU.ActiveCfg = Release|Any CPU
		{6E668474-5B9B-4E9C-B7C1-BFC54B42DBEC}.Release|Any CPU.Build.0 = Release|Any CPU
		{6E668474-5B9B-4E9C-B7C1-BFC54B42DBEC}.Release|x64.ActiveCfg = Release|Any CPU
		{6E668474-5B9B-4E9C-B7C1-BFC54B42DBEC}.Release|x64.Build.0 = Release|Any CPU
		{6E668474-5B9B-4E9C-B7C1-BFC54B42DBEC}.Release|x86.ActiveCfg = Release|Any CPU
		{6E668474-5B9B-4E9C-B7C1-BFC54B42DBEC}.Release|x86.Build.0 = Release|Any CPU
		{CC55B819-5C12-48DE-956B-01F77AD82143}.Debug|Any CPU.ActiveCfg = Debug|Any CPU
		{CC55B819-5C12-48DE-956B-01F77AD82143}.Debug|Any CPU.Build.0 = Debug|Any CPU
		{CC55B819-5C12-48DE-956B-01F77AD82143}.Debug|x64.ActiveCfg = Debug|Any CPU
		{CC55B819-5C12-48DE-956B-01F77AD82143}.Debug|x64.Build.0 = Debug|Any CPU
		{CC55B819-5C12-48DE-956B-01F77AD82143}.Debug|x86.ActiveCfg = Debug|Any CPU
		{CC55B819-5C12-48DE-956B-01F77AD82143}.Debug|x86.Build.0 = Debug|Any CPU
		{CC55B819-5C12-48DE-956B-01F77AD82143}.Release|Any CPU.ActiveCfg = Release|Any CPU
		{CC55B819-5C12-48DE-956B-01F77AD82143}.Release|Any CPU.Build.0 = Release|Any CPU
		{CC55B819-5C12-48DE-956B-01F77AD82143}.Release|x64.ActiveCfg = Release|Any CPU
		{CC55B819-5C12-48DE-956B-01F77AD82143}.Release|x64.Build.0 = Release|Any CPU
		{CC55B819-5C12-48DE-956B-01F77AD82143}.Release|x86.ActiveCfg = Release|Any CPU
		{CC55B819-5C12-48DE-956B-01F77AD82143}.Release|x86.Build.0 = Release|Any CPU
		{69DE3135-66BF-45E5-A6B1-16DD97AC78C5}.Debug|Any CPU.ActiveCfg = Debug|Any CPU
		{69DE3135-66BF-45E5-A6B1-16DD97AC78C5}.Debug|Any CPU.Build.0 = Debug|Any CPU
		{69DE3135-66BF-45E5-A6B1-16DD97AC78C5}.Debug|x64.ActiveCfg = Debug|Any CPU
		{69DE3135-66BF-45E5-A6B1-16DD97AC78C5}.Debug|x64.Build.0 = Debug|Any CPU
		{69DE3135-66BF-45E5-A6B1-16DD97AC78C5}.Debug|x86.ActiveCfg = Debug|Any CPU
		{69DE3135-66BF-45E5-A6B1-16DD97AC78C5}.Debug|x86.Build.0 = Debug|Any CPU
		{69DE3135-66BF-45E5-A6B1-16DD97AC78C5}.Release|Any CPU.ActiveCfg = Release|Any CPU
		{69DE3135-66BF-45E5-A6B1-16DD97AC78C5}.Release|Any CPU.Build.0 = Release|Any CPU
		{69DE3135-66BF-45E5-A6B1-16DD97AC78C5}.Release|x64.ActiveCfg = Release|Any CPU
		{69DE3135-66BF-45E5-A6B1-16DD97AC78C5}.Release|x64.Build.0 = Release|Any CPU
		{69DE3135-66BF-45E5-A6B1-16DD97AC78C5}.Release|x86.ActiveCfg = Release|Any CPU
		{69DE3135-66BF-45E5-A6B1-16DD97AC78C5}.Release|x86.Build.0 = Release|Any CPU
		{CFF27645-D4B2-43E9-9E86-47703B744B87}.Debug|Any CPU.ActiveCfg = Debug|Any CPU
		{CFF27645-D4B2-43E9-9E86-47703B744B87}.Debug|Any CPU.Build.0 = Debug|Any CPU
		{CFF27645-D4B2-43E9-9E86-47703B744B87}.Debug|x64.ActiveCfg = Debug|Any CPU
		{CFF27645-D4B2-43E9-9E86-47703B744B87}.Debug|x64.Build.0 = Debug|Any CPU
		{CFF27645-D4B2-43E9-9E86-47703B744B87}.Debug|x86.ActiveCfg = Debug|Any CPU
		{CFF27645-D4B2-43E9-9E86-47703B744B87}.Debug|x86.Build.0 = Debug|Any CPU
		{CFF27645-D4B2-43E9-9E86-47703B744B87}.Release|Any CPU.ActiveCfg = Release|Any CPU
		{CFF27645-D4B2-43E9-9E86-47703B744B87}.Release|Any CPU.Build.0 = Release|Any CPU
		{CFF27645-D4B2-43E9-9E86-47703B744B87}.Release|x64.ActiveCfg = Release|Any CPU
		{CFF27645-D4B2-43E9-9E86-47703B744B87}.Release|x64.Build.0 = Release|Any CPU
		{CFF27645-D4B2-43E9-9E86-47703B744B87}.Release|x86.ActiveCfg = Release|Any CPU
		{CFF27645-D4B2-43E9-9E86-47703B744B87}.Release|x86.Build.0 = Release|Any CPU
		{BD683D3B-F880-4E33-B843-826036BD6B8E}.Debug|Any CPU.ActiveCfg = Debug|Any CPU
		{BD683D3B-F880-4E33-B843-826036BD6B8E}.Debug|Any CPU.Build.0 = Debug|Any CPU
		{BD683D3B-F880-4E33-B843-826036BD6B8E}.Debug|x64.ActiveCfg = Debug|Any CPU
		{BD683D3B-F880-4E33-B843-826036BD6B8E}.Debug|x64.Build.0 = Debug|Any CPU
		{BD683D3B-F880-4E33-B843-826036BD6B8E}.Debug|x86.ActiveCfg = Debug|Any CPU
		{BD683D3B-F880-4E33-B843-826036BD6B8E}.Debug|x86.Build.0 = Debug|Any CPU
		{BD683D3B-F880-4E33-B843-826036BD6B8E}.Release|Any CPU.ActiveCfg = Release|Any CPU
		{BD683D3B-F880-4E33-B843-826036BD6B8E}.Release|Any CPU.Build.0 = Release|Any CPU
		{BD683D3B-F880-4E33-B843-826036BD6B8E}.Release|x64.ActiveCfg = Release|Any CPU
		{BD683D3B-F880-4E33-B843-826036BD6B8E}.Release|x64.Build.0 = Release|Any CPU
		{BD683D3B-F880-4E33-B843-826036BD6B8E}.Release|x86.ActiveCfg = Release|Any CPU
		{BD683D3B-F880-4E33-B843-826036BD6B8E}.Release|x86.Build.0 = Release|Any CPU
		{E04763BB-B85D-49E6-A6E1-41F4BDED29A3}.Debug|Any CPU.ActiveCfg = Debug|Any CPU
		{E04763BB-B85D-49E6-A6E1-41F4BDED29A3}.Debug|Any CPU.Build.0 = Debug|Any CPU
		{E04763BB-B85D-49E6-A6E1-41F4BDED29A3}.Debug|x64.ActiveCfg = Debug|Any CPU
		{E04763BB-B85D-49E6-A6E1-41F4BDED29A3}.Debug|x64.Build.0 = Debug|Any CPU
		{E04763BB-B85D-49E6-A6E1-41F4BDED29A3}.Debug|x86.ActiveCfg = Debug|Any CPU
		{E04763BB-B85D-49E6-A6E1-41F4BDED29A3}.Debug|x86.Build.0 = Debug|Any CPU
		{E04763BB-B85D-49E6-A6E1-41F4BDED29A3}.Release|Any CPU.ActiveCfg = Release|Any CPU
		{E04763BB-B85D-49E6-A6E1-41F4BDED29A3}.Release|Any CPU.Build.0 = Release|Any CPU
		{E04763BB-B85D-49E6-A6E1-41F4BDED29A3}.Release|x64.ActiveCfg = Release|Any CPU
		{E04763BB-B85D-49E6-A6E1-41F4BDED29A3}.Release|x64.Build.0 = Release|Any CPU
		{E04763BB-B85D-49E6-A6E1-41F4BDED29A3}.Release|x86.ActiveCfg = Release|Any CPU
		{E04763BB-B85D-49E6-A6E1-41F4BDED29A3}.Release|x86.Build.0 = Release|Any CPU
		{D3276251-9B8D-4AC1-BA7A-A97168E3311D}.Debug|Any CPU.ActiveCfg = Debug|Any CPU
		{D3276251-9B8D-4AC1-BA7A-A97168E3311D}.Debug|Any CPU.Build.0 = Debug|Any CPU
		{D3276251-9B8D-4AC1-BA7A-A97168E3311D}.Debug|x64.ActiveCfg = Debug|Any CPU
		{D3276251-9B8D-4AC1-BA7A-A97168E3311D}.Debug|x64.Build.0 = Debug|Any CPU
		{D3276251-9B8D-4AC1-BA7A-A97168E3311D}.Debug|x86.ActiveCfg = Debug|Any CPU
		{D3276251-9B8D-4AC1-BA7A-A97168E3311D}.Debug|x86.Build.0 = Debug|Any CPU
		{D3276251-9B8D-4AC1-BA7A-A97168E3311D}.Release|Any CPU.ActiveCfg = Release|Any CPU
		{D3276251-9B8D-4AC1-BA7A-A97168E3311D}.Release|Any CPU.Build.0 = Release|Any CPU
		{D3276251-9B8D-4AC1-BA7A-A97168E3311D}.Release|x64.ActiveCfg = Release|Any CPU
		{D3276251-9B8D-4AC1-BA7A-A97168E3311D}.Release|x64.Build.0 = Release|Any CPU
		{D3276251-9B8D-4AC1-BA7A-A97168E3311D}.Release|x86.ActiveCfg = Release|Any CPU
		{D3276251-9B8D-4AC1-BA7A-A97168E3311D}.Release|x86.Build.0 = Release|Any CPU
		{787B9736-214E-48C8-B79A-367F33150DED}.Debug|Any CPU.ActiveCfg = Debug|Any CPU
		{787B9736-214E-48C8-B79A-367F33150DED}.Debug|Any CPU.Build.0 = Debug|Any CPU
		{787B9736-214E-48C8-B79A-367F33150DED}.Debug|x64.ActiveCfg = Debug|Any CPU
		{787B9736-214E-48C8-B79A-367F33150DED}.Debug|x64.Build.0 = Debug|Any CPU
		{787B9736-214E-48C8-B79A-367F33150DED}.Debug|x86.ActiveCfg = Debug|Any CPU
		{787B9736-214E-48C8-B79A-367F33150DED}.Debug|x86.Build.0 = Debug|Any CPU
		{787B9736-214E-48C8-B79A-367F33150DED}.Release|Any CPU.ActiveCfg = Release|Any CPU
		{787B9736-214E-48C8-B79A-367F33150DED}.Release|Any CPU.Build.0 = Release|Any CPU
		{787B9736-214E-48C8-B79A-367F33150DED}.Release|x64.ActiveCfg = Release|Any CPU
		{787B9736-214E-48C8-B79A-367F33150DED}.Release|x64.Build.0 = Release|Any CPU
		{787B9736-214E-48C8-B79A-367F33150DED}.Release|x86.ActiveCfg = Release|Any CPU
		{787B9736-214E-48C8-B79A-367F33150DED}.Release|x86.Build.0 = Release|Any CPU
	EndGlobalSection
	GlobalSection(SolutionProperties) = preSolution
		HideSolutionNode = FALSE
	EndGlobalSection
	GlobalSection(NestedProjects) = preSolution
		{6E668474-5B9B-4E9C-B7C1-BFC54B42DBEC} = {827E0CD3-B72D-47B6-A68D-7590B98EB39B}
		{CC55B819-5C12-48DE-956B-01F77AD82143} = {827E0CD3-B72D-47B6-A68D-7590B98EB39B}
		{69DE3135-66BF-45E5-A6B1-16DD97AC78C5} = {827E0CD3-B72D-47B6-A68D-7590B98EB39B}
		{CFF27645-D4B2-43E9-9E86-47703B744B87} = {827E0CD3-B72D-47B6-A68D-7590B98EB39B}
		{BD683D3B-F880-4E33-B843-826036BD6B8E} = {827E0CD3-B72D-47B6-A68D-7590B98EB39B}
		{E04763BB-B85D-49E6-A6E1-41F4BDED29A3} = {827E0CD3-B72D-47B6-A68D-7590B98EB39B}
		{D3276251-9B8D-4AC1-BA7A-A97168E3311D} = {827E0CD3-B72D-47B6-A68D-7590B98EB39B}
		{787B9736-214E-48C8-B79A-367F33150DED} = {0AB3BF05-4346-4AA6-1389-037BE0695223}
	EndGlobalSection
EndGlobal
